
Microsoft Visual Studio Solution File, Format Version 12.00
# Visual Studio Version 17
VisualStudioVersion = 17.0.31903.59
MinimumVisualStudioVersion = 10.0.40219.1
Project("{FAE04EC0-301F-11D3-BF4B-00C04F79EFBC}") = "CQRS.Core", "..\CQRS-ES\CQRS.Core\CQRS.Core.csproj", "{F313C073-1F49-47D4-9990-2F4B2C98D03F}"
EndProject
Project("{2150E333-8FDC-42A3-9474-1A3956D46DE8}") = "Post.Cmd", "Post.Cmd", "{628A6728-8FD2-2F2B-CBE6-CFCE3CD15DEA}"
EndProject
Project("{FAE04EC0-301F-11D3-BF4B-00C04F79EFBC}") = "Post.Cmd.Api", "Post.Cmd\Post.Cmd.Api\Post.Cmd.Api.csproj", "{CD1428C6-8A2A-4FE0-8E63-8C8251397D13}"
EndProject
Project("{FAE04EC0-301F-11D3-BF4B-00C04F79EFBC}") = "Post.Cmd.Domain", "Post.Cmd\Post.Cmd.Domain\Post.Cmd.Domain.csproj", "{200BE049-6CA0-42FA-B00E-B5AF25B88840}"
EndProject
Project("{FAE04EC0-301F-11D3-BF4B-00C04F79EFBC}") = "Post.Cmd.Infrastructure", "Post.Cmd\Post.Cmd.Infrastructure\Post.Cmd.Infrastructure.csproj", "{9FBEE199-482E-431B-9863-DEB1E11A228A}"
EndProject
Project("{2150E333-8FDC-42A3-9474-1A3956D46DE8}") = "Post.Query", "Post.Query", "{0D502CB4-2678-4901-9B60-A74053C7BF91}"
EndProject
Project("{FAE04EC0-301F-11D3-BF4B-00C04F79EFBC}") = "Post.Query.Api", "Post.Query\Post.Query.Api\Post.Query.Api.csproj", "{2B5BBBB3-FB5F-4AD5-A5C2-16F36B04E94F}"
EndProject
Project("{FAE04EC0-301F-11D3-BF4B-00C04F79EFBC}") = "Post.Query.Domain", "Post.Query\Post.Query.Domain\Post.Query.Domain.csproj", "{4B1B9F45-F74C-4CFA-B0BE-945183A125A5}"
EndProject
Project("{FAE04EC0-301F-11D3-BF4B-00C04F79EFBC}") = "Post.Query.Infrastructure", "Post.Query\Post.Query.Infrastructure\Post.Query.Infrastructure.csproj", "{D34AA915-53B5-40FF-828C-78C6CF0D3F7A}"
EndProject
Global
	GlobalSection(SolutionConfigurationPlatforms) = preSolution
		Debug|Any CPU = Debug|Any CPU
		Debug|x64 = Debug|x64
		Debug|x86 = Debug|x86
		Release|Any CPU = Release|Any CPU
		Release|x64 = Release|x64
		Release|x86 = Release|x86
	EndGlobalSection
	GlobalSection(ProjectConfigurationPlatforms) = postSolution
		{F313C073-1F49-47D4-9990-2F4B2C98D03F}.Debug|Any CPU.ActiveCfg = Debug|Any CPU
		{F313C073-1F49-47D4-9990-2F4B2C98D03F}.Debug|Any CPU.Build.0 = Debug|Any CPU
		{F313C073-1F49-47D4-9990-2F4B2C98D03F}.Debug|x64.ActiveCfg = Debug|Any CPU
		{F313C073-1F49-47D4-9990-2F4B2C98D03F}.Debug|x64.Build.0 = Debug|Any CPU
		{F313C073-1F49-47D4-9990-2F4B2C98D03F}.Debug|x86.ActiveCfg = Debug|Any CPU
		{F313C073-1F49-47D4-9990-2F4B2C98D03F}.Debug|x86.Build.0 = Debug|Any CPU
		{F313C073-1F49-47D4-9990-2F4B2C98D03F}.Release|Any CPU.ActiveCfg = Release|Any CPU
		{F313C073-1F49-47D4-9990-2F4B2C98D03F}.Release|Any CPU.Build.0 = Release|Any CPU
		{F313C073-1F49-47D4-9990-2F4B2C98D03F}.Release|x64.ActiveCfg = Release|Any CPU
		{F313C073-1F49-47D4-9990-2F4B2C98D03F}.Release|x64.Build.0 = Release|Any CPU
		{F313C073-1F49-47D4-9990-2F4B2C98D03F}.Release|x86.ActiveCfg = Release|Any CPU
		{F313C073-1F49-47D4-9990-2F4B2C98D03F}.Release|x86.Build.0 = Release|Any CPU
		{CD1428C6-8A2A-4FE0-8E63-8C8251397D13}.Debug|Any CPU.ActiveCfg = Debug|Any CPU
		{CD1428C6-8A2A-4FE0-8E63-8C8251397D13}.Debug|Any CPU.Build.0 = Debug|Any CPU
		{CD1428C6-8A2A-4FE0-8E63-8C8251397D13}.Debug|x64.ActiveCfg = Debug|Any CPU
		{CD1428C6-8A2A-4FE0-8E63-8C8251397D13}.Debug|x64.Build.0 = Debug|Any CPU
		{CD1428C6-8A2A-4FE0-8E63-8C8251397D13}.Debug|x86.ActiveCfg = Debug|Any CPU
		{CD1428C6-8A2A-4FE0-8E63-8C8251397D13}.Debug|x86.Build.0 = Debug|Any CPU
		{CD1428C6-8A2A-4FE0-8E63-8C8251397D13}.Release|Any CPU.ActiveCfg = Release|Any CPU
		{CD1428C6-8A2A-4FE0-8E63-8C8251397D13}.Release|Any CPU.Build.0 = Release|Any CPU
		{CD1428C6-8A2A-4FE0-8E63-8C8251397D13}.Release|x64.ActiveCfg = Release|Any CPU
		{CD1428C6-8A2A-4FE0-8E63-8C8251397D13}.Release|x64.Build.0 = Release|Any CPU
		{CD1428C6-8A2A-4FE0-8E63-8C8251397D13}.Release|x86.ActiveCfg = Release|Any CPU
		{CD1428C6-8A2A-4FE0-8E63-8C8251397D13}.Release|x86.Build.0 = Release|Any CPU
		{200BE049-6CA0-42FA-B00E-B5AF25B88840}.Debug|Any CPU.ActiveCfg = Debug|Any CPU
		{200BE049-6CA0-42FA-B00E-B5AF25B88840}.Debug|Any CPU.Build.0 = Debug|Any CPU
		{200BE049-6CA0-42FA-B00E-B5AF25B88840}.Debug|x64.ActiveCfg = Debug|Any CPU
		{200BE049-6CA0-42FA-B00E-B5AF25B88840}.Debug|x64.Build.0 = Debug|Any CPU
		{200BE049-6CA0-42FA-B00E-B5AF25B88840}.Debug|x86.ActiveCfg = Debug|Any CPU
		{200BE049-6CA0-42FA-B00E-B5AF25B88840}.Debug|x86.Build.0 = Debug|Any CPU
		{200BE049-6CA0-42FA-B00E-B5AF25B88840}.Release|Any CPU.ActiveCfg = Release|Any CPU
		{200BE049-6CA0-42FA-B00E-B5AF25B88840}.Release|Any CPU.Build.0 = Release|Any CPU
		{200BE049-6CA0-42FA-B00E-B5AF25B88840}.Release|x64.ActiveCfg = Release|Any CPU
		{200BE049-6CA0-42FA-B00E-B5AF25B88840}.Release|x64.Build.0 = Release|Any CPU
		{200BE049-6CA0-42FA-B00E-B5AF25B88840}.Release|x86.ActiveCfg = Release|Any CPU
		{200BE049-6CA0-42FA-B00E-B5AF25B88840}.Release|x86.Build.0 = Release|Any CPU
		{9FBEE199-482E-431B-9863-DEB1E11A228A}.Debug|Any CPU.ActiveCfg = Debug|Any CPU
		{9FBEE199-482E-431B-9863-DEB1E11A228A}.Debug|Any CPU.Build.0 = Debug|Any CPU
		{9FBEE199-482E-431B-9863-DEB1E11A228A}.Debug|x64.ActiveCfg = Debug|Any CPU
		{9FBEE199-482E-431B-9863-DEB1E11A228A}.Debug|x64.Build.0 = Debug|Any CPU
		{9FBEE199-482E-431B-9863-DEB1E11A228A}.Debug|x86.ActiveCfg = Debug|Any CPU
		{9FBEE199-482E-431B-9863-DEB1E11A228A}.Debug|x86.Build.0 = Debug|Any CPU
		{9FBEE199-482E-431B-9863-DEB1E11A228A}.Release|Any CPU.ActiveCfg = Release|Any CPU
		{9FBEE199-482E-431B-9863-DEB1E11A228A}.Release|Any CPU.Build.0 = Release|Any CPU
		{9FBEE199-482E-431B-9863-DEB1E11A228A}.Release|x64.ActiveCfg = Release|Any CPU
		{9FBEE199-482E-431B-9863-DEB1E11A228A}.Release|x64.Build.0 = Release|Any CPU
		{9FBEE199-482E-431B-9863-DEB1E11A228A}.Release|x86.ActiveCfg = Release|Any CPU
		{9FBEE199-482E-431B-9863-DEB1E11A228A}.Release|x86.Build.0 = Release|Any CPU
		{2B5BBBB3-FB5F-4AD5-A5C2-16F36B04E94F}.Debug|Any CPU.ActiveCfg = Debug|Any CPU
		{2B5BBBB3-FB5F-4AD5-A5C2-16F36B04E94F}.Debug|Any CPU.Build.0 = Debug|Any CPU
		{2B5BBBB3-FB5F-4AD5-A5C2-16F36B04E94F}.Debug|x64.ActiveCfg = Debug|Any CPU
		{2B5BBBB3-FB5F-4AD5-A5C2-16F36B04E94F}.Debug|x64.Build.0 = Debug|Any CPU
		{2B5BBBB3-FB5F-4AD5-A5C2-16F36B04E94F}.Debug|x86.ActiveCfg = Debug|Any CPU
		{2B5BBBB3-FB5F-4AD5-A5C2-16F36B04E94F}.Debug|x86.Build.0 = Debug|Any CPU
		{2B5BBBB3-FB5F-4AD5-A5C2-16F36B04E94F}.Release|Any CPU.ActiveCfg = Release|Any CPU
		{2B5BBBB3-FB5F-4AD5-A5C2-16F36B04E94F}.Release|Any CPU.Build.0 = Release|Any CPU
		{2B5BBBB3-FB5F-4AD5-A5C2-16F36B04E94F}.Release|x64.ActiveCfg = Release|Any CPU
		{2B5BBBB3-FB5F-4AD5-A5C2-16F36B04E94F}.Release|x64.Build.0 = Release|Any CPU
		{2B5BBBB3-FB5F-4AD5-A5C2-16F36B04E94F}.Release|x86.ActiveCfg = Release|Any CPU
		{2B5BBBB3-FB5F-4AD5-A5C2-16F36B04E94F}.Release|x86.Build.0 = Release|Any CPU
		{4B1B9F45-F74C-4CFA-B0BE-945183A125A5}.Debug|Any CPU.ActiveCfg = Debug|Any CPU
		{4B1B9F45-F74C-4CFA-B0BE-945183A125A5}.Debug|Any CPU.Build.0 = Debug|Any CPU
		{4B1B9F45-F74C-4CFA-B0BE-945183A125A5}.Debug|x64.ActiveCfg = Debug|Any CPU
		{4B1B9F45-F74C-4CFA-B0BE-945183A125A5}.Debug|x64.Build.0 = Debug|Any CPU
		{4B1B9F45-F74C-4CFA-B0BE-945183A125A5}.Debug|x86.ActiveCfg = Debug|Any CPU
		{4B1B9F45-F74C-4CFA-B0BE-945183A125A5}.Debug|x86.Build.0 = Debug|Any CPU
		{4B1B9F45-F74C-4CFA-B0BE-945183A125A5}.Release|Any CPU.ActiveCfg = Release|Any CPU
		{4B1B9F45-F74C-4CFA-B0BE-945183A125A5}.Release|Any CPU.Build.0 = Release|Any CPU
		{4B1B9F45-F74C-4CFA-B0BE-945183A125A5}.Release|x64.ActiveCfg = Release|Any CPU
		{4B1B9F45-F74C-4CFA-B0BE-945183A125A5}.Release|x64.Build.0 = Release|Any CPU
		{4B1B9F45-F74C-4CFA-B0BE-945183A125A5}.Release|x86.ActiveCfg = Release|Any CPU
		{4B1B9F45-F74C-4CFA-B0BE-945183A125A5}.Release|x86.Build.0 = Release|Any CPU
		{D34AA915-53B5-40FF-828C-78C6CF0D3F7A}.Debug|Any CPU.ActiveCfg = Debug|Any CPU
		{D34AA915-53B5-40FF-828C-78C6CF0D3F7A}.Debug|Any CPU.Build.0 = Debug|Any CPU
		{D34AA915-53B5-40FF-828C-78C6CF0D3F7A}.Debug|x64.ActiveCfg = Debug|Any CPU
		{D34AA915-53B5-40FF-828C-78C6CF0D3F7A}.Debug|x64.Build.0 = Debug|Any CPU
		{D34AA915-53B5-40FF-828C-78C6CF0D3F7A}.Debug|x86.ActiveCfg = Debug|Any CPU
		{D34AA915-53B5-40FF-828C-78C6CF0D3F7A}.Debug|x86.Build.0 = Debug|Any CPU
		{D34AA915-53B5-40FF-828C-78C6CF0D3F7A}.Release|Any CPU.ActiveCfg = Release|Any CPU
		{D34AA915-53B5-40FF-828C-78C6CF0D3F7A}.Release|Any CPU.Build.0 = Release|Any CPU
		{D34AA915-53B5-40FF-828C-78C6CF0D3F7A}.Release|x64.ActiveCfg = Release|Any CPU
		{D34AA915-53B5-40FF-828C-78C6CF0D3F7A}.Release|x64.Build.0 = Release|Any CPU
		{D34AA915-53B5-40FF-828C-78C6CF0D3F7A}.Release|x86.ActiveCfg = Release|Any CPU
		{D34AA915-53B5-40FF-828C-78C6CF0D3F7A}.Release|x86.Build.0 = Release|Any CPU
	EndGlobalSection
	GlobalSection(SolutionProperties) = preSolution
		HideSolutionNode = FALSE
	EndGlobalSection
	GlobalSection(NestedProjects) = preSolution
		{CD1428C6-8A2A-4FE0-8E63-8C8251397D13} = {628A6728-8FD2-2F2B-CBE6-CFCE3CD15DEA}
		{200BE049-6CA0-42FA-B00E-B5AF25B88840} = {628A6728-8FD2-2F2B-CBE6-CFCE3CD15DEA}
		{9FBEE199-482E-431B-9863-DEB1E11A228A} = {628A6728-8FD2-2F2B-CBE6-CFCE3CD15DEA}
		{2B5BBBB3-FB5F-4AD5-A5C2-16F36B04E94F} = {0D502CB4-2678-4901-9B60-A74053C7BF91}
		{4B1B9F45-F74C-4CFA-B0BE-945183A125A5} = {0D502CB4-2678-4901-9B60-A74053C7BF91}
		{D34AA915-53B5-40FF-828C-78C6CF0D3F7A} = {0D502CB4-2678-4901-9B60-A74053C7BF91}
	EndGlobalSection
EndGlobal
